
Microsoft Visual Studio Solution File, Format Version 12.00
# Visual Studio 14
VisualStudioVersion = 14.0.25420.1
MinimumVisualStudioVersion = 10.0.40219.1
Project("{FAE04EC0-301F-11D3-BF4B-00C04F79EFBC}") = "SpreadSheetAPP", "SpreadSheetAPP\SpreadSheetAPP.csproj", "{7AE64B21-D31C-4A41-A413-2609DA55B4F2}"
EndProject
Project("{FAE04EC0-301F-11D3-BF4B-00C04F79EFBC}") = "UnitTestSpreadSheet", "UnitTestSpreadSheet\UnitTestSpreadSheet.csproj", "{10D9A26B-1B8C-438C-8F0E-5E22DA1D76B2}"
EndProject
Global
	GlobalSection(SolutionConfigurationPlatforms) = preSolution
		Debug|Any CPU = Debug|Any CPU
		Release|Any CPU = Release|Any CPU
	EndGlobalSection
	GlobalSection(ProjectConfigurationPlatforms) = postSolution
		{7AE64B21-D31C-4A41-A413-2609DA55B4F2}.Debug|Any CPU.ActiveCfg = Debug|Any CPU
		{7AE64B21-D31C-4A41-A413-2609DA55B4F2}.Debug|Any CPU.Build.0 = Debug|Any CPU
		{7AE64B21-D31C-4A41-A413-2609DA55B4F2}.Release|Any CPU.ActiveCfg = Release|Any CPU
		{7AE64B21-D31C-4A41-A413-2609DA55B4F2}.Release|Any CPU.Build.0 = Release|Any CPU
		{10D9A26B-1B8C-438C-8F0E-5E22DA1D76B2}.Debug|Any CPU.ActiveCfg = Debug|Any CPU
		{10D9A26B-1B8C-438C-8F0E-5E22DA1D76B2}.Debug|Any CPU.Build.0 = Debug|Any CPU
		{10D9A26B-1B8C-438C-8F0E-5E22DA1D76B2}.Release|Any CPU.ActiveCfg = Release|Any CPU
		{10D9A26B-1B8C-438C-8F0E-5E22DA1D76B2}.Release|Any CPU.Build.0 = Release|Any CPU
	EndGlobalSection
	GlobalSection(SolutionProperties) = preSolution
		HideSolutionNode = FALSE
	EndGlobalSection
EndGlobal
